{
    "name": "convert-color-js",
    "version": "1.0.0",
    "lockfileVersion": 3,
    "requires": true,
    "packages": {
        "": {
            "name": "convert-color-js",
            "version": "1.0.0",
            "license": "MIT",
            "dependencies": {
                "hex-rgb": "^5.0.0",
                "hex-to-hsl": "^1.0.2",
                "hsl-regex": "^1.0.0",
                "hsl-to-rgb-for-reals": "^1.1.1",
                "hsla-regex": "^1.0.0",
                "rgb-hex": "^4.0.0",
                "rgb-regex": "^1.0.1",
                "rgb-to-hsl": "^0.0.3",
                "rgba-regex": "^1.0.0"
            },
            "devDependencies": {
                "uvu": "^0.5.6"
            }
        },
        "node_modules/dequal": {
            "version": "2.0.3",
            "resolved": "https://registry.npmjs.org/dequal/-/dequal-2.0.3.tgz",
            "integrity": "sha512-0je+qPKHEMohvfRTCEo3CrPG6cAzAYgmzKyxRiYSSDkS6eGJdyVJm7WaYA5ECaAD9wLB2T4EEeymA5aFVcYXCA==",
            "dev": true,
            "license": "MIT",
            "engines": {
                "node": ">=6"
            }
        },
        "node_modules/diff": {
            "version": "5.2.0",
            "resolved": "https://registry.npmjs.org/diff/-/diff-5.2.0.tgz",
            "integrity": "sha512-uIFDxqpRZGZ6ThOk84hEfqWoHx2devRFvpTZcTHur85vImfaxUbTW9Ryh4CpCuDnToOP1CEtXKIgytHBPVff5A==",
            "dev": true,
            "license": "BSD-3-Clause",
            "engines": {
                "node": ">=0.3.1"
            }
        },
        "node_modules/hex-rgb": {
            "version": "5.0.0",
            "resolved": "https://registry.npmjs.org/hex-rgb/-/hex-rgb-5.0.0.tgz",
            "integrity": "sha512-NQO+lgVUCtHxZ792FodgW0zflK+ozS9X9dwGp9XvvmPlH7pyxd588cn24TD3rmPm/N0AIRXF10Otah8yKqGw4w==",
            "license": "MIT",
            "engines": {
                "node": ">=12"
            },
            "funding": {
                "url": "https://github.com/sponsors/sindresorhus"
            }
        },
        "node_modules/hex-to-hsl": {
            "version": "1.0.2",
            "resolved": "https://registry.npmjs.org/hex-to-hsl/-/hex-to-hsl-1.0.2.tgz",
            "integrity": "sha512-7E2WDAXDNb51Ezc+/MyXOt/NbKgk4LPtEHpUBU0McJVF1seFxUhiOQyf9Sv/5NwTQntsEqzevCsv/Y6chOFLvg==",
            "license": "ISC",
            "dependencies": {
                "hex-to-rgb": "^1.0.1",
                "rgb-to-hsl": "0.0.2"
            }
        },
        "node_modules/hex-to-hsl/node_modules/rgb-to-hsl": {
            "version": "0.0.2",
            "resolved": "https://registry.npmjs.org/rgb-to-hsl/-/rgb-to-hsl-0.0.2.tgz",
            "integrity": "sha512-92EhT0XUmmC1APQj5NKl3LoNPtZsDBzivTjZAikFuADreIQgqLnJgnnP5gY/mf52UqglAwVDAD/0arY9N35KFg==",
            "license": "MIT"
        },
        "node_modules/hex-to-rgb": {
            "version": "1.0.1",
            "resolved": "https://registry.npmjs.org/hex-to-rgb/-/hex-to-rgb-1.0.1.tgz",
            "integrity": "sha512-2GsESdjpJIrRL8I7iPOp0r0wczJBk++Q/zFrviNaTRPWMIgk5bPqDmKPUvRHN0SZrYT9N1e+xZU1niYJ6QxzMg==",
            "license": "MIT"
        },
        "node_modules/hsl-regex": {
            "version": "1.0.0",
            "resolved": "https://registry.npmjs.org/hsl-regex/-/hsl-regex-1.0.0.tgz",
            "integrity": "sha512-M5ezZw4LzXbBKMruP+BNANf0k+19hDQMgpzBIYnya//Al+fjNct9Wf3b1WedLqdEs2hKBvxq/jh+DsHJLj0F9A==",
            "license": "MIT"
        },
        "node_modules/hsl-to-rgb-for-reals": {
            "version": "1.1.1",
            "resolved": "https://registry.npmjs.org/hsl-to-rgb-for-reals/-/hsl-to-rgb-for-reals-1.1.1.tgz",
            "integrity": "sha512-LgOWAkrN0rFaQpfdWBQlv/VhkOxb5AsBjk6NQVx4yEzWS923T07X0M1Y0VNko2H52HeSpZrZNNMJ0aFqsdVzQg==",
            "license": "ISC"
        },
        "node_modules/hsla-regex": {
            "version": "1.0.0",
            "resolved": "https://registry.npmjs.org/hsla-regex/-/hsla-regex-1.0.0.tgz",
            "integrity": "sha512-7Wn5GMLuHBjZCb2bTmnDOycho0p/7UVaAeqXZGbHrBCl6Yd/xDhQJAXe6Ga9AXJH2I5zY1dEdYw2u1UptnSBJA==",
            "license": "MIT"
        },
        "node_modules/kleur": {
            "version": "4.1.5",
            "resolved": "https://registry.npmjs.org/kleur/-/kleur-4.1.5.tgz",
            "integrity": "sha512-o+NO+8WrRiQEE4/7nwRJhN1HWpVmJm511pBHUxPLtp0BUISzlBplORYSmTclCnJvQq2tKu/sgl3xVpkc7ZWuQQ==",
            "dev": true,
            "license": "MIT",
            "engines": {
                "node": ">=6"
            }
        },
        "node_modules/mri": {
            "version": "1.2.0",
            "resolved": "https://registry.npmjs.org/mri/-/mri-1.2.0.tgz",
            "integrity": "sha512-tzzskb3bG8LvYGFF/mDTpq3jpI6Q9wc3LEmBaghu+DdCssd1FakN7Bc0hVNmEyGq1bq3RgfkCb3cmQLpNPOroA==",
            "dev": true,
            "license": "MIT",
            "engines": {
                "node": ">=4"
            }
        },
        "node_modules/rgb-hex": {
            "version": "4.1.0",
            "resolved": "https://registry.npmjs.org/rgb-hex/-/rgb-hex-4.1.0.tgz",
            "integrity": "sha512-UZLM57BW09Yi9J1R3OP8B1yCbbDK3NT8BDtihGZkGkGEs2b6EaV85rsfJ6yK4F+8UbxFFmfA+9xHT5ZWhN1gDQ==",
            "license": "MIT",
            "engines": {
                "node": ">=12"
            },
            "funding": {
                "url": "https://github.com/sponsors/sindresorhus"
            }
        },
        "node_modules/rgb-regex": {
            "version": "1.0.1",
            "resolved": "https://registry.npmjs.org/rgb-regex/-/rgb-regex-1.0.1.tgz",
            "integrity": "sha512-gDK5mkALDFER2YLqH6imYvK6g02gpNGM4ILDZ472EwWfXZnC2ZEpoB2ECXTyOVUKuk/bPJZMzwQPBYICzP+D3w==",
            "license": "MIT"
        },
        "node_modules/rgb-to-hsl": {
            "version": "0.0.3",
            "resolved": "https://registry.npmjs.org/rgb-to-hsl/-/rgb-to-hsl-0.0.3.tgz",
            "integrity": "sha512-bY9ESCopZxhGQa3ukQIr2l9XILr03i6jbrvZXRJAROYWWOrnEBL8tVTybC/OSg2nnqob2+qfeWJDa1xtDXPhVQ==",
            "license": "MIT"
        },
        "node_modules/rgba-regex": {
            "version": "1.0.0",
            "resolved": "https://registry.npmjs.org/rgba-regex/-/rgba-regex-1.0.0.tgz",
            "integrity": "sha512-zgn5OjNQXLUTdq8m17KdaicF6w89TZs8ZU8y0AYENIU6wG8GG6LLm0yLSiPY8DmaYmHdgRW8rnApjoT0fQRfMg==",
            "license": "MIT"
        },
        "node_modules/sade": {
            "version": "1.8.1",
            "resolved": "https://registry.npmjs.org/sade/-/sade-1.8.1.tgz",
            "integrity": "sha512-xal3CZX1Xlo/k4ApwCFrHVACi9fBqJ7V+mwhBsuf/1IOKbBy098Fex+Wa/5QMubw09pSZ/u8EY8PWgevJsXp1A==",
            "dev": true,
            "license": "MIT",
            "dependencies": {
                "mri": "^1.1.0"
            },
            "engines": {
                "node": ">=6"
            }
        },
        "node_modules/uvu": {
            "version": "0.5.6",
            "resolved": "https://registry.npmjs.org/uvu/-/uvu-0.5.6.tgz",
            "integrity": "sha512-+g8ENReyr8YsOc6fv/NVJs2vFdHBnBNdfE49rshrTzDWOlUx4Gq7KOS2GD8eqhy2j+Ejq29+SbKH8yjkAqXqoA==",
            "dev": true,
            "license": "MIT",
            "dependencies": {
                "dequal": "^2.0.0",
                "diff": "^5.0.0",
                "kleur": "^4.0.3",
                "sade": "^1.7.3"
            },
            "bin": {
                "uvu": "bin.js"
            },
            "engines": {
                "node": ">=8"
            }
        }
    }
}
